
Microsoft Visual Studio Solution File, Format Version 12.00
# Visual Studio Version 17
VisualStudioVersion = 17.5.002.0
MinimumVisualStudioVersion = 10.0.40219.1
Project("{2150E333-8FDC-42A3-9474-1A3956D46DE8}") = "src", "src", "{77620E86-1D91-47DC-AFF7-206D1B7C1FAD}"
EndProject
Project("{FAE04EC0-301F-11D3-BF4B-00C04F79EFBC}") = "MonoGame.GameFramework", "src\MonoGame.GameFramework\MonoGame.GameFramework.csproj", "{2B901CA0-E421-4A9E-8A2F-7CBF91A58EC8}"
EndProject
Project("{FAE04EC0-301F-11D3-BF4B-00C04F79EFBC}") = "MonoGame.GameFramework.BattleGrid", "src\MonoGame.GameFramework.BattleGrid\MonoGame.GameFramework.BattleGrid.csproj", "{8BAD4B1A-6749-4D71-BC03-CE648660B3F0}"
EndProject
Project("{FAE04EC0-301F-11D3-BF4B-00C04F79EFBC}") = "MonoGame.GameFramework.Tests", "src\MonoGame.GameFramework.Tests\MonoGame.GameFramework.Tests.csproj", "{4E8F7D53-7F20-4DFE-8CC3-6F064F1711C7}"
EndProject
Project("{FAE04EC0-301F-11D3-BF4B-00C04F79EFBC}") = "MonoGame.GameFramework.Platformer", "src\MonoGame.GameFramework.Platformer\MonoGame.GameFramework.Platformer.csproj", "{D09D41EE-3CA6-42B1-94C5-FC797625E9CF}"
EndProject
Project("{FAE04EC0-301F-11D3-BF4B-00C04F79EFBC}") = "MonoGame.GameFramework.Shooter", "src\MonoGame.GameFramework.Shooter\MonoGame.GameFramework.Shooter.csproj", "{9D069922-F0CD-4ECF-B039-23FFC964DEAF}"
EndProject
Project("{FAE04EC0-301F-11D3-BF4B-00C04F79EFBC}") = "MonoGame.GameFramework.Puzzle", "src\MonoGame.GameFramework.Puzzle\MonoGame.GameFramework.Puzzle.csproj", "{AA093990-FA5F-4B0E-A15F-C63563DBDF5E}"
EndProject
Project("{FAE04EC0-301F-11D3-BF4B-00C04F79EFBC}") = "MonoGame.GameFramework.Roguelike", "src\MonoGame.GameFramework.Roguelike\MonoGame.GameFramework.Roguelike.csproj", "{E12E5A46-08EB-40C6-8AF5-C4769C02588E}"
EndProject
Project("{FAE04EC0-301F-11D3-BF4B-00C04F79EFBC}") = "MonoGame.GameFramework.TowerDefense", "src\MonoGame.GameFramework.TowerDefense\MonoGame.GameFramework.TowerDefense.csproj", "{8FC89624-9EC8-4D17-AF89-E3ECF6C7D3AB}"
EndProject
Project("{FAE04EC0-301F-11D3-BF4B-00C04F79EFBC}") = "MonoGame.GameFramework.Rhythm", "src\MonoGame.GameFramework.Rhythm\MonoGame.GameFramework.Rhythm.csproj", "{41603086-651A-4D89-8CC1-893EB9EEA1DB}"
EndProject
Project("{FAE04EC0-301F-11D3-BF4B-00C04F79EFBC}") = "MonoGame.GameFramework.VisualNovel", "src\MonoGame.GameFramework.VisualNovel\MonoGame.GameFramework.VisualNovel.csproj", "{93F9684C-BF27-4D58-9890-4878E53B331A}"
EndProject
Global
	GlobalSection(SolutionProperties) = preSolution
		HideSolutionNode = FALSE
	EndGlobalSection
	GlobalSection(ExtensibilityGlobals) = postSolution
		SolutionGuid = {7839C9F7-5CBC-425D-BC1B-E1B0AA9CF7E9}
	EndGlobalSection
	GlobalSection(SolutionConfigurationPlatforms) = preSolution
		Debug|Any CPU = Debug|Any CPU
		Debug|x64 = Debug|x64
		Debug|x86 = Debug|x86
		Release|Any CPU = Release|Any CPU
		Release|x64 = Release|x64
		Release|x86 = Release|x86
	EndGlobalSection
	GlobalSection(ProjectConfigurationPlatforms) = postSolution
		{2B901CA0-E421-4A9E-8A2F-7CBF91A58EC8}.Debug|Any CPU.ActiveCfg = Debug|Any CPU
		{2B901CA0-E421-4A9E-8A2F-7CBF91A58EC8}.Debug|Any CPU.Build.0 = Debug|Any CPU
		{2B901CA0-E421-4A9E-8A2F-7CBF91A58EC8}.Debug|x64.ActiveCfg = Debug|Any CPU
		{2B901CA0-E421-4A9E-8A2F-7CBF91A58EC8}.Debug|x64.Build.0 = Debug|Any CPU
		{2B901CA0-E421-4A9E-8A2F-7CBF91A58EC8}.Debug|x86.ActiveCfg = Debug|Any CPU
		{2B901CA0-E421-4A9E-8A2F-7CBF91A58EC8}.Debug|x86.Build.0 = Debug|Any CPU
		{2B901CA0-E421-4A9E-8A2F-7CBF91A58EC8}.Release|Any CPU.ActiveCfg = Release|Any CPU
		{2B901CA0-E421-4A9E-8A2F-7CBF91A58EC8}.Release|Any CPU.Build.0 = Release|Any CPU
		{2B901CA0-E421-4A9E-8A2F-7CBF91A58EC8}.Release|x64.ActiveCfg = Release|Any CPU
		{2B901CA0-E421-4A9E-8A2F-7CBF91A58EC8}.Release|x64.Build.0 = Release|Any CPU
		{2B901CA0-E421-4A9E-8A2F-7CBF91A58EC8}.Release|x86.ActiveCfg = Release|Any CPU
		{2B901CA0-E421-4A9E-8A2F-7CBF91A58EC8}.Release|x86.Build.0 = Release|Any CPU
		{8BAD4B1A-6749-4D71-BC03-CE648660B3F0}.Debug|Any CPU.ActiveCfg = Debug|Any CPU
		{8BAD4B1A-6749-4D71-BC03-CE648660B3F0}.Debug|Any CPU.Build.0 = Debug|Any CPU
		{8BAD4B1A-6749-4D71-BC03-CE648660B3F0}.Debug|x64.ActiveCfg = Debug|Any CPU
		{8BAD4B1A-6749-4D71-BC03-CE648660B3F0}.Debug|x64.Build.0 = Debug|Any CPU
		{8BAD4B1A-6749-4D71-BC03-CE648660B3F0}.Debug|x86.ActiveCfg = Debug|Any CPU
		{8BAD4B1A-6749-4D71-BC03-CE648660B3F0}.Debug|x86.Build.0 = Debug|Any CPU
		{8BAD4B1A-6749-4D71-BC03-CE648660B3F0}.Release|Any CPU.ActiveCfg = Release|Any CPU
		{8BAD4B1A-6749-4D71-BC03-CE648660B3F0}.Release|Any CPU.Build.0 = Release|Any CPU
		{8BAD4B1A-6749-4D71-BC03-CE648660B3F0}.Release|x64.ActiveCfg = Release|Any CPU
		{8BAD4B1A-6749-4D71-BC03-CE648660B3F0}.Release|x64.Build.0 = Release|Any CPU
		{8BAD4B1A-6749-4D71-BC03-CE648660B3F0}.Release|x86.ActiveCfg = Release|Any CPU
		{8BAD4B1A-6749-4D71-BC03-CE648660B3F0}.Release|x86.Build.0 = Release|Any CPU
		{4E8F7D53-7F20-4DFE-8CC3-6F064F1711C7}.Debug|Any CPU.ActiveCfg = Debug|Any CPU
		{4E8F7D53-7F20-4DFE-8CC3-6F064F1711C7}.Debug|Any CPU.Build.0 = Debug|Any CPU
		{4E8F7D53-7F20-4DFE-8CC3-6F064F1711C7}.Debug|x64.ActiveCfg = Debug|Any CPU
		{4E8F7D53-7F20-4DFE-8CC3-6F064F1711C7}.Debug|x64.Build.0 = Debug|Any CPU
		{4E8F7D53-7F20-4DFE-8CC3-6F064F1711C7}.Debug|x86.ActiveCfg = Debug|Any CPU
		{4E8F7D53-7F20-4DFE-8CC3-6F064F1711C7}.Debug|x86.Build.0 = Debug|Any CPU
		{4E8F7D53-7F20-4DFE-8CC3-6F064F1711C7}.Release|Any CPU.ActiveCfg = Release|Any CPU
		{4E8F7D53-7F20-4DFE-8CC3-6F064F1711C7}.Release|Any CPU.Build.0 = Release|Any CPU
		{4E8F7D53-7F20-4DFE-8CC3-6F064F1711C7}.Release|x64.ActiveCfg = Release|Any CPU
		{4E8F7D53-7F20-4DFE-8CC3-6F064F1711C7}.Release|x64.Build.0 = Release|Any CPU
		{4E8F7D53-7F20-4DFE-8CC3-6F064F1711C7}.Release|x86.ActiveCfg = Release|Any CPU
		{4E8F7D53-7F20-4DFE-8CC3-6F064F1711C7}.Release|x86.Build.0 = Release|Any CPU
		{D09D41EE-3CA6-42B1-94C5-FC797625E9CF}.Debug|Any CPU.ActiveCfg = Debug|Any CPU
		{D09D41EE-3CA6-42B1-94C5-FC797625E9CF}.Debug|Any CPU.Build.0 = Debug|Any CPU
		{D09D41EE-3CA6-42B1-94C5-FC797625E9CF}.Debug|x64.ActiveCfg = Debug|Any CPU
		{D09D41EE-3CA6-42B1-94C5-FC797625E9CF}.Debug|x64.Build.0 = Debug|Any CPU
		{D09D41EE-3CA6-42B1-94C5-FC797625E9CF}.Debug|x86.ActiveCfg = Debug|Any CPU
		{D09D41EE-3CA6-42B1-94C5-FC797625E9CF}.Debug|x86.Build.0 = Debug|Any CPU
		{D09D41EE-3CA6-42B1-94C5-FC797625E9CF}.Release|Any CPU.ActiveCfg = Release|Any CPU
		{D09D41EE-3CA6-42B1-94C5-FC797625E9CF}.Release|Any CPU.Build.0 = Release|Any CPU
		{D09D41EE-3CA6-42B1-94C5-FC797625E9CF}.Release|x64.ActiveCfg = Release|Any CPU
		{D09D41EE-3CA6-42B1-94C5-FC797625E9CF}.Release|x64.Build.0 = Release|Any CPU
		{D09D41EE-3CA6-42B1-94C5-FC797625E9CF}.Release|x86.ActiveCfg = Release|Any CPU
		{D09D41EE-3CA6-42B1-94C5-FC797625E9CF}.Release|x86.Build.0 = Release|Any CPU
		{9D069922-F0CD-4ECF-B039-23FFC964DEAF}.Debug|Any CPU.ActiveCfg = Debug|Any CPU
		{9D069922-F0CD-4ECF-B039-23FFC964DEAF}.Debug|Any CPU.Build.0 = Debug|Any CPU
		{9D069922-F0CD-4ECF-B039-23FFC964DEAF}.Debug|x64.ActiveCfg = Debug|Any CPU
		{9D069922-F0CD-4ECF-B039-23FFC964DEAF}.Debug|x64.Build.0 = Debug|Any CPU
		{9D069922-F0CD-4ECF-B039-23FFC964DEAF}.Debug|x86.ActiveCfg = Debug|Any CPU
		{9D069922-F0CD-4ECF-B039-23FFC964DEAF}.Debug|x86.Build.0 = Debug|Any CPU
		{9D069922-F0CD-4ECF-B039-23FFC964DEAF}.Release|Any CPU.ActiveCfg = Release|Any CPU
		{9D069922-F0CD-4ECF-B039-23FFC964DEAF}.Release|Any CPU.Build.0 = Release|Any CPU
		{9D069922-F0CD-4ECF-B039-23FFC964DEAF}.Release|x64.ActiveCfg = Release|Any CPU
		{9D069922-F0CD-4ECF-B039-23FFC964DEAF}.Release|x64.Build.0 = Release|Any CPU
		{9D069922-F0CD-4ECF-B039-23FFC964DEAF}.Release|x86.ActiveCfg = Release|Any CPU
		{9D069922-F0CD-4ECF-B039-23FFC964DEAF}.Release|x86.Build.0 = Release|Any CPU
		{AA093990-FA5F-4B0E-A15F-C63563DBDF5E}.Debug|Any CPU.ActiveCfg = Debug|Any CPU
		{AA093990-FA5F-4B0E-A15F-C63563DBDF5E}.Debug|Any CPU.Build.0 = Debug|Any CPU
		{AA093990-FA5F-4B0E-A15F-C63563DBDF5E}.Debug|x64.ActiveCfg = Debug|Any CPU
		{AA093990-FA5F-4B0E-A15F-C63563DBDF5E}.Debug|x64.Build.0 = Debug|Any CPU
		{AA093990-FA5F-4B0E-A15F-C63563DBDF5E}.Debug|x86.ActiveCfg = Debug|Any CPU
		{AA093990-FA5F-4B0E-A15F-C63563DBDF5E}.Debug|x86.Build.0 = Debug|Any CPU
		{AA093990-FA5F-4B0E-A15F-C63563DBDF5E}.Release|Any CPU.ActiveCfg = Release|Any CPU
		{AA093990-FA5F-4B0E-A15F-C63563DBDF5E}.Release|Any CPU.Build.0 = Release|Any CPU
		{AA093990-FA5F-4B0E-A15F-C63563DBDF5E}.Release|x64.ActiveCfg = Release|Any CPU
		{AA093990-FA5F-4B0E-A15F-C63563DBDF5E}.Release|x64.Build.0 = Release|Any CPU
		{AA093990-FA5F-4B0E-A15F-C63563DBDF5E}.Release|x86.ActiveCfg = Release|Any CPU
		{AA093990-FA5F-4B0E-A15F-C63563DBDF5E}.Release|x86.Build.0 = Release|Any CPU
		{E12E5A46-08EB-40C6-8AF5-C4769C02588E}.Debug|Any CPU.ActiveCfg = Debug|Any CPU
		{E12E5A46-08EB-40C6-8AF5-C4769C02588E}.Debug|Any CPU.Build.0 = Debug|Any CPU
		{E12E5A46-08EB-40C6-8AF5-C4769C02588E}.Debug|x64.ActiveCfg = Debug|Any CPU
		{E12E5A46-08EB-40C6-8AF5-C4769C02588E}.Debug|x64.Build.0 = Debug|Any CPU
		{E12E5A46-08EB-40C6-8AF5-C4769C02588E}.Debug|x86.ActiveCfg = Debug|Any CPU
		{E12E5A46-08EB-40C6-8AF5-C4769C02588E}.Debug|x86.Build.0 = Debug|Any CPU
		{E12E5A46-08EB-40C6-8AF5-C4769C02588E}.Release|Any CPU.ActiveCfg = Release|Any CPU
		{E12E5A46-08EB-40C6-8AF5-C4769C02588E}.Release|Any CPU.Build.0 = Release|Any CPU
		{E12E5A46-08EB-40C6-8AF5-C4769C02588E}.Release|x64.ActiveCfg = Release|Any CPU
		{E12E5A46-08EB-40C6-8AF5-C4769C02588E}.Release|x64.Build.0 = Release|Any CPU
		{E12E5A46-08EB-40C6-8AF5-C4769C02588E}.Release|x86.ActiveCfg = Release|Any CPU
		{E12E5A46-08EB-40C6-8AF5-C4769C02588E}.Release|x86.Build.0 = Release|Any CPU
		{8FC89624-9EC8-4D17-AF89-E3ECF6C7D3AB}.Debug|Any CPU.ActiveCfg = Debug|Any CPU
		{8FC89624-9EC8-4D17-AF89-E3ECF6C7D3AB}.Debug|Any CPU.Build.0 = Debug|Any CPU
		{8FC89624-9EC8-4D17-AF89-E3ECF6C7D3AB}.Debug|x64.ActiveCfg = Debug|Any CPU
		{8FC89624-9EC8-4D17-AF89-E3ECF6C7D3AB}.Debug|x64.Build.0 = Debug|Any CPU
		{8FC89624-9EC8-4D17-AF89-E3ECF6C7D3AB}.Debug|x86.ActiveCfg = Debug|Any CPU
		{8FC89624-9EC8-4D17-AF89-E3ECF6C7D3AB}.Debug|x86.Build.0 = Debug|Any CPU
		{8FC89624-9EC8-4D17-AF89-E3ECF6C7D3AB}.Release|Any CPU.ActiveCfg = Release|Any CPU
		{8FC89624-9EC8-4D17-AF89-E3ECF6C7D3AB}.Release|Any CPU.Build.0 = Release|Any CPU
		{8FC89624-9EC8-4D17-AF89-E3ECF6C7D3AB}.Release|x64.ActiveCfg = Release|Any CPU
		{8FC89624-9EC8-4D17-AF89-E3ECF6C7D3AB}.Release|x64.Build.0 = Release|Any CPU
		{8FC89624-9EC8-4D17-AF89-E3ECF6C7D3AB}.Release|x86.ActiveCfg = Release|Any CPU
		{8FC89624-9EC8-4D17-AF89-E3ECF6C7D3AB}.Release|x86.Build.0 = Release|Any CPU
		{41603086-651A-4D89-8CC1-893EB9EEA1DB}.Debug|Any CPU.ActiveCfg = Debug|Any CPU
		{41603086-651A-4D89-8CC1-893EB9EEA1DB}.Debug|Any CPU.Build.0 = Debug|Any CPU
		{41603086-651A-4D89-8CC1-893EB9EEA1DB}.Debug|x64.ActiveCfg = Debug|Any CPU
		{41603086-651A-4D89-8CC1-893EB9EEA1DB}.Debug|x64.Build.0 = Debug|Any CPU
		{41603086-651A-4D89-8CC1-893EB9EEA1DB}.Debug|x86.ActiveCfg = Debug|Any CPU
		{41603086-651A-4D89-8CC1-893EB9EEA1DB}.Debug|x86.Build.0 = Debug|Any CPU
		{41603086-651A-4D89-8CC1-893EB9EEA1DB}.Release|Any CPU.ActiveCfg = Release|Any CPU
		{41603086-651A-4D89-8CC1-893EB9EEA1DB}.Release|Any CPU.Build.0 = Release|Any CPU
		{41603086-651A-4D89-8CC1-893EB9EEA1DB}.Release|x64.ActiveCfg = Release|Any CPU
		{41603086-651A-4D89-8CC1-893EB9EEA1DB}.Release|x64.Build.0 = Release|Any CPU
		{41603086-651A-4D89-8CC1-893EB9EEA1DB}.Release|x86.ActiveCfg = Release|Any CPU
		{41603086-651A-4D89-8CC1-893EB9EEA1DB}.Release|x86.Build.0 = Release|Any CPU
		{93F9684C-BF27-4D58-9890-4878E53B331A}.Debug|Any CPU.ActiveCfg = Debug|Any CPU
		{93F9684C-BF27-4D58-9890-4878E53B331A}.Debug|Any CPU.Build.0 = Debug|Any CPU
		{93F9684C-BF27-4D58-9890-4878E53B331A}.Debug|x64.ActiveCfg = Debug|Any CPU
		{93F9684C-BF27-4D58-9890-4878E53B331A}.Debug|x64.Build.0 = Debug|Any CPU
		{93F9684C-BF27-4D58-9890-4878E53B331A}.Debug|x86.ActiveCfg = Debug|Any CPU
		{93F9684C-BF27-4D58-9890-4878E53B331A}.Debug|x86.Build.0 = Debug|Any CPU
		{93F9684C-BF27-4D58-9890-4878E53B331A}.Release|Any CPU.ActiveCfg = Release|Any CPU
		{93F9684C-BF27-4D58-9890-4878E53B331A}.Release|Any CPU.Build.0 = Release|Any CPU
		{93F9684C-BF27-4D58-9890-4878E53B331A}.Release|x64.ActiveCfg = Release|Any CPU
		{93F9684C-BF27-4D58-9890-4878E53B331A}.Release|x64.Build.0 = Release|Any CPU
		{93F9684C-BF27-4D58-9890-4878E53B331A}.Release|x86.ActiveCfg = Release|Any CPU
		{93F9684C-BF27-4D58-9890-4878E53B331A}.Release|x86.Build.0 = Release|Any CPU
	EndGlobalSection
	GlobalSection(NestedProjects) = preSolution
		{2B901CA0-E421-4A9E-8A2F-7CBF91A58EC8} = {77620E86-1D91-47DC-AFF7-206D1B7C1FAD}
		{8BAD4B1A-6749-4D71-BC03-CE648660B3F0} = {77620E86-1D91-47DC-AFF7-206D1B7C1FAD}
		{4E8F7D53-7F20-4DFE-8CC3-6F064F1711C7} = {77620E86-1D91-47DC-AFF7-206D1B7C1FAD}
		{D09D41EE-3CA6-42B1-94C5-FC797625E9CF} = {77620E86-1D91-47DC-AFF7-206D1B7C1FAD}
		{9D069922-F0CD-4ECF-B039-23FFC964DEAF} = {77620E86-1D91-47DC-AFF7-206D1B7C1FAD}
		{AA093990-FA5F-4B0E-A15F-C63563DBDF5E} = {77620E86-1D91-47DC-AFF7-206D1B7C1FAD}
		{E12E5A46-08EB-40C6-8AF5-C4769C02588E} = {77620E86-1D91-47DC-AFF7-206D1B7C1FAD}
		{8FC89624-9EC8-4D17-AF89-E3ECF6C7D3AB} = {77620E86-1D91-47DC-AFF7-206D1B7C1FAD}
		{41603086-651A-4D89-8CC1-893EB9EEA1DB} = {77620E86-1D91-47DC-AFF7-206D1B7C1FAD}
		{93F9684C-BF27-4D58-9890-4878E53B331A} = {77620E86-1D91-47DC-AFF7-206D1B7C1FAD}
	EndGlobalSection
EndGlobal
